
Microsoft Visual Studio Solution File, Format Version 12.00
# Visual Studio Version 17
VisualStudioVersion = 17.3.32929.385
MinimumVisualStudioVersion = 10.0.40219.1
Project("{9A19103F-16F7-4668-BE54-9A1E7A4F7556}") = "PetApi", "PetApi\PetApi.csproj", "{750194A8-7854-4BC0-8FC3-8128DDAE1848}"
EndProject
Project("{9A19103F-16F7-4668-BE54-9A1E7A4F7556}") = "PetApiTest", "PetApiTest\PetApiTest.csproj", "{21110374-FF0E-4D84-80DC-40EBE4621E93}"
EndProject
Global
	GlobalSection(SolutionConfigurationPlatforms) = preSolution
		Debug|Any CPU = Debug|Any CPU
		Release|Any CPU = Release|Any CPU
	EndGlobalSection
	GlobalSection(ProjectConfigurationPlatforms) = postSolution
		{750194A8-7854-4BC0-8FC3-8128DDAE1848}.Debug|Any CPU.ActiveCfg = Debug|Any CPU
		{750194A8-7854-4BC0-8FC3-8128DDAE1848}.Debug|Any CPU.Build.0 = Debug|Any CPU
		{750194A8-7854-4BC0-8FC3-8128DDAE1848}.Release|Any CPU.ActiveCfg = Release|Any CPU
		{750194A8-7854-4BC0-8FC3-8128DDAE1848}.Release|Any CPU.Build.0 = Release|Any CPU
		{21110374-FF0E-4D84-80DC-40EBE4621E93}.Debug|Any CPU.ActiveCfg = Debug|Any CPU
		{21110374-FF0E-4D84-80DC-40EBE4621E93}.Debug|Any CPU.Build.0 = Debug|Any CPU
		{21110374-FF0E-4D84-80DC-40EBE4621E93}.Release|Any CPU.ActiveCfg = Release|Any CPU
		{21110374-FF0E-4D84-80DC-40EBE4621E93}.Release|Any CPU.Build.0 = Release|Any CPU
	EndGlobalSection
	GlobalSection(SolutionProperties) = preSolution
		HideSolutionNode = FALSE
	EndGlobalSection
	GlobalSection(ExtensibilityGlobals) = postSolution
		SolutionGuid = {75F98F62-2F6F-4E00-BDDE-DC506F70899B}
	EndGlobalSection
EndGlobal
